
Microsoft Visual Studio Solution File, Format Version 12.00
# Visual Studio 14
VisualStudioVersion = 14.0.25420.1
MinimumVisualStudioVersion = 10.0.40219.1
Project("{2150E333-8FDC-42A3-9474-1A3956D46DE8}") = "Agile_Strategy", "Agile_Strategy", "{332272FE-9520-4D24-8E99-BF2988BC6654}"
EndProject
Project("{2150E333-8FDC-42A3-9474-1A3956D46DE8}") = "Semi_Strict_Strategy", "Semi_Strict_Strategy", "{C3A019AB-1BFA-4C34-8594-23E7FAB0956B}"
EndProject
Project("{2150E333-8FDC-42A3-9474-1A3956D46DE8}") = "Strict_Strategy", "Strict_Strategy", "{22AC2680-131E-4691-9BD2-B3F328B5E481}"
EndProject
Project("{FAE04EC0-301F-11D3-BF4B-00C04F79EFBC}") = "WCFAgileStrategy.Service", "WCFAgileStrategy.Service\WCFAgileStrategy.Service.csproj", "{A7BF503F-75BA-481D-A30A-B7FE360127E8}"
EndProject
Project("{FAE04EC0-301F-11D3-BF4B-00C04F79EFBC}") = "WCFAgileStrategy.Client", "WCFAgileStrategy.Client\WCFAgileStrategy.Client.csproj", "{F20F5380-413C-4E08-A2A5-C9B978A0E8C4}"
	ProjectSection(ProjectDependencies) = postProject
		{A7BF503F-75BA-481D-A30A-B7FE360127E8} = {A7BF503F-75BA-481D-A30A-B7FE360127E8}
	EndProjectSection
EndProject
Project("{2150E333-8FDC-42A3-9474-1A3956D46DE8}") = "Common", "Common", "{503B4B86-1AD2-4C7F-9F7A-11C21F2652B3}"
EndProject
Project("{FAE04EC0-301F-11D3-BF4B-00C04F79EFBC}") = "Models", "Models\Models.csproj", "{735574AB-5775-4136-88FC-669BD5645DBB}"
EndProject
Project("{FAE04EC0-301F-11D3-BF4B-00C04F79EFBC}") = "WCFAgileStrategy.ClientV2", "WCFAgileStrategy.ClientV2\WCFAgileStrategy.ClientV2.csproj", "{434DEB30-3B26-4FBA-8DD3-42DDAF924A18}"
EndProject
Project("{FAE04EC0-301F-11D3-BF4B-00C04F79EFBC}") = "WCFSemiStrictStrategy.Service", "WCFSemiStrictStrategy.Service\WCFSemiStrictStrategy.Service.csproj", "{694108EC-05A5-4BD6-ABBE-A108A7A108BF}"
EndProject
Project("{FAE04EC0-301F-11D3-BF4B-00C04F79EFBC}") = "WCFSemiStrictStrategy.ClientV1", "WCFSemiStrictStrategy.ClientV1\WCFSemiStrictStrategy.ClientV1.csproj", "{07B0056E-CEFE-4EEB-836C-B5BAFA1C29C4}"
EndProject
Project("{FAE04EC0-301F-11D3-BF4B-00C04F79EFBC}") = "WCFSemiStrictStrategy.ClientV2", "WCFSemiStrictStrategy.ClientV2\WCFSemiStrictStrategy.ClientV2.csproj", "{D44A267C-9D95-4B9C-AD76-EC8602AFDA55}"
EndProject
Project("{FAE04EC0-301F-11D3-BF4B-00C04F79EFBC}") = "WCFStrictStrategy.ClientV1", "WCFStrictStrategy.ClientV1\WCFStrictStrategy.ClientV1.csproj", "{09074818-FA03-4BCD-B15C-CB3CD28CA9B5}"
EndProject
Project("{FAE04EC0-301F-11D3-BF4B-00C04F79EFBC}") = "WCFStrictStrategy.ClientV2", "WCFStrictStrategy.ClientV2\WCFStrictStrategy.ClientV2.csproj", "{E4A17D3F-5696-4ED1-B175-90FD85791865}"
EndProject
Project("{FAE04EC0-301F-11D3-BF4B-00C04F79EFBC}") = "WCFStrictStrategy.Service", "WCFStrictStrategy.Service\WCFStrictStrategy.Service.csproj", "{41A24E0F-6808-4AC9-AAD9-1D06CD32CF6C}"
EndProject
Global
	GlobalSection(SolutionConfigurationPlatforms) = preSolution
		Debug|Any CPU = Debug|Any CPU
		Release|Any CPU = Release|Any CPU
	EndGlobalSection
	GlobalSection(ProjectConfigurationPlatforms) = postSolution
		{A7BF503F-75BA-481D-A30A-B7FE360127E8}.Debug|Any CPU.ActiveCfg = Debug|Any CPU
		{A7BF503F-75BA-481D-A30A-B7FE360127E8}.Debug|Any CPU.Build.0 = Debug|Any CPU
		{A7BF503F-75BA-481D-A30A-B7FE360127E8}.Release|Any CPU.ActiveCfg = Release|Any CPU
		{A7BF503F-75BA-481D-A30A-B7FE360127E8}.Release|Any CPU.Build.0 = Release|Any CPU
		{F20F5380-413C-4E08-A2A5-C9B978A0E8C4}.Debug|Any CPU.ActiveCfg = Debug|Any CPU
		{F20F5380-413C-4E08-A2A5-C9B978A0E8C4}.Debug|Any CPU.Build.0 = Debug|Any CPU
		{F20F5380-413C-4E08-A2A5-C9B978A0E8C4}.Release|Any CPU.ActiveCfg = Release|Any CPU
		{F20F5380-413C-4E08-A2A5-C9B978A0E8C4}.Release|Any CPU.Build.0 = Release|Any CPU
		{735574AB-5775-4136-88FC-669BD5645DBB}.Debug|Any CPU.ActiveCfg = Debug|Any CPU
		{735574AB-5775-4136-88FC-669BD5645DBB}.Debug|Any CPU.Build.0 = Debug|Any CPU
		{735574AB-5775-4136-88FC-669BD5645DBB}.Release|Any CPU.ActiveCfg = Release|Any CPU
		{735574AB-5775-4136-88FC-669BD5645DBB}.Release|Any CPU.Build.0 = Release|Any CPU
		{434DEB30-3B26-4FBA-8DD3-42DDAF924A18}.Debug|Any CPU.ActiveCfg = Debug|Any CPU
		{434DEB30-3B26-4FBA-8DD3-42DDAF924A18}.Debug|Any CPU.Build.0 = Debug|Any CPU
		{434DEB30-3B26-4FBA-8DD3-42DDAF924A18}.Release|Any CPU.ActiveCfg = Release|Any CPU
		{434DEB30-3B26-4FBA-8DD3-42DDAF924A18}.Release|Any CPU.Build.0 = Release|Any CPU
		{694108EC-05A5-4BD6-ABBE-A108A7A108BF}.Debug|Any CPU.ActiveCfg = Debug|Any CPU
		{694108EC-05A5-4BD6-ABBE-A108A7A108BF}.Debug|Any CPU.Build.0 = Debug|Any CPU
		{694108EC-05A5-4BD6-ABBE-A108A7A108BF}.Release|Any CPU.ActiveCfg = Release|Any CPU
		{694108EC-05A5-4BD6-ABBE-A108A7A108BF}.Release|Any CPU.Build.0 = Release|Any CPU
		{07B0056E-CEFE-4EEB-836C-B5BAFA1C29C4}.Debug|Any CPU.ActiveCfg = Debug|Any CPU
		{07B0056E-CEFE-4EEB-836C-B5BAFA1C29C4}.Debug|Any CPU.Build.0 = Debug|Any CPU
		{07B0056E-CEFE-4EEB-836C-B5BAFA1C29C4}.Release|Any CPU.ActiveCfg = Release|Any CPU
		{07B0056E-CEFE-4EEB-836C-B5BAFA1C29C4}.Release|Any CPU.Build.0 = Release|Any CPU
		{D44A267C-9D95-4B9C-AD76-EC8602AFDA55}.Debug|Any CPU.ActiveCfg = Debug|Any CPU
		{D44A267C-9D95-4B9C-AD76-EC8602AFDA55}.Debug|Any CPU.Build.0 = Debug|Any CPU
		{D44A267C-9D95-4B9C-AD76-EC8602AFDA55}.Release|Any CPU.ActiveCfg = Release|Any CPU
		{D44A267C-9D95-4B9C-AD76-EC8602AFDA55}.Release|Any CPU.Build.0 = Release|Any CPU
		{09074818-FA03-4BCD-B15C-CB3CD28CA9B5}.Debug|Any CPU.ActiveCfg = Debug|Any CPU
		{09074818-FA03-4BCD-B15C-CB3CD28CA9B5}.Debug|Any CPU.Build.0 = Debug|Any CPU
		{09074818-FA03-4BCD-B15C-CB3CD28CA9B5}.Release|Any CPU.ActiveCfg = Release|Any CPU
		{09074818-FA03-4BCD-B15C-CB3CD28CA9B5}.Release|Any CPU.Build.0 = Release|Any CPU
		{E4A17D3F-5696-4ED1-B175-90FD85791865}.Debug|Any CPU.ActiveCfg = Debug|Any CPU
		{E4A17D3F-5696-4ED1-B175-90FD85791865}.Debug|Any CPU.Build.0 = Debug|Any CPU
		{E4A17D3F-5696-4ED1-B175-90FD85791865}.Release|Any CPU.ActiveCfg = Release|Any CPU
		{E4A17D3F-5696-4ED1-B175-90FD85791865}.Release|Any CPU.Build.0 = Release|Any CPU
		{41A24E0F-6808-4AC9-AAD9-1D06CD32CF6C}.Debug|Any CPU.ActiveCfg = Debug|Any CPU
		{41A24E0F-6808-4AC9-AAD9-1D06CD32CF6C}.Debug|Any CPU.Build.0 = Debug|Any CPU
		{41A24E0F-6808-4AC9-AAD9-1D06CD32CF6C}.Release|Any CPU.ActiveCfg = Release|Any CPU
		{41A24E0F-6808-4AC9-AAD9-1D06CD32CF6C}.Release|Any CPU.Build.0 = Release|Any CPU
	EndGlobalSection
	GlobalSection(SolutionProperties) = preSolution
		HideSolutionNode = FALSE
	EndGlobalSection
	GlobalSection(NestedProjects) = preSolution
		{A7BF503F-75BA-481D-A30A-B7FE360127E8} = {332272FE-9520-4D24-8E99-BF2988BC6654}
		{F20F5380-413C-4E08-A2A5-C9B978A0E8C4} = {332272FE-9520-4D24-8E99-BF2988BC6654}
		{735574AB-5775-4136-88FC-669BD5645DBB} = {503B4B86-1AD2-4C7F-9F7A-11C21F2652B3}
		{434DEB30-3B26-4FBA-8DD3-42DDAF924A18} = {332272FE-9520-4D24-8E99-BF2988BC6654}
		{694108EC-05A5-4BD6-ABBE-A108A7A108BF} = {C3A019AB-1BFA-4C34-8594-23E7FAB0956B}
		{07B0056E-CEFE-4EEB-836C-B5BAFA1C29C4} = {C3A019AB-1BFA-4C34-8594-23E7FAB0956B}
		{D44A267C-9D95-4B9C-AD76-EC8602AFDA55} = {C3A019AB-1BFA-4C34-8594-23E7FAB0956B}
		{09074818-FA03-4BCD-B15C-CB3CD28CA9B5} = {22AC2680-131E-4691-9BD2-B3F328B5E481}
		{E4A17D3F-5696-4ED1-B175-90FD85791865} = {22AC2680-131E-4691-9BD2-B3F328B5E481}
		{41A24E0F-6808-4AC9-AAD9-1D06CD32CF6C} = {22AC2680-131E-4691-9BD2-B3F328B5E481}
	EndGlobalSection
EndGlobal
